
Microsoft Visual Studio Solution File, Format Version 12.00
# Visual Studio Version 17
VisualStudioVersion = 17.0.31903.59
MinimumVisualStudioVersion = 10.0.40219.1
Project("{FAE04EC0-301F-11D3-BF4B-00C04F79EFBC}") = "FindIndex", "FindIndex\FindIndex.csproj", "{77341080-E532-4F67-A141-9E0F5D73FBC7}"
EndProject
Project("{FAE04EC0-301F-11D3-BF4B-00C04F79EFBC}") = "FindIndexTest", "FindIndexTest\FindIndexTest.csproj", "{871AF89C-F79E-4F65-8AB0-46D85175DFCC}"
EndProject
Global
	GlobalSection(SolutionConfigurationPlatforms) = preSolution
		Debug|Any CPU = Debug|Any CPU
		Release|Any CPU = Release|Any CPU
	EndGlobalSection
	GlobalSection(SolutionProperties) = preSolution
		HideSolutionNode = FALSE
	EndGlobalSection
	GlobalSection(ProjectConfigurationPlatforms) = postSolution
		{77341080-E532-4F67-A141-9E0F5D73FBC7}.Debug|Any CPU.ActiveCfg = Debug|Any CPU
		{77341080-E532-4F67-A141-9E0F5D73FBC7}.Debug|Any CPU.Build.0 = Debug|Any CPU
		{77341080-E532-4F67-A141-9E0F5D73FBC7}.Release|Any CPU.ActiveCfg = Release|Any CPU
		{77341080-E532-4F67-A141-9E0F5D73FBC7}.Release|Any CPU.Build.0 = Release|Any CPU
		{871AF89C-F79E-4F65-8AB0-46D85175DFCC}.Debug|Any CPU.ActiveCfg = Debug|Any CPU
		{871AF89C-F79E-4F65-8AB0-46D85175DFCC}.Debug|Any CPU.Build.0 = Debug|Any CPU
		{871AF89C-F79E-4F65-8AB0-46D85175DFCC}.Release|Any CPU.ActiveCfg = Release|Any CPU
		{871AF89C-F79E-4F65-8AB0-46D85175DFCC}.Release|Any CPU.Build.0 = Release|Any CPU
	EndGlobalSection
EndGlobal
