
Microsoft Visual Studio Solution File, Format Version 12.00
# Visual Studio Version 17
VisualStudioVersion = 17.0.31903.59
MinimumVisualStudioVersion = 10.0.40219.1
Project("{FAE04EC0-301F-11D3-BF4B-00C04F79EFBC}") = "TwoSum", "TwoSum\TwoSum.csproj", "{51B777E8-BF23-46C3-80F2-A56EA0051A39}"
EndProject
Project("{FAE04EC0-301F-11D3-BF4B-00C04F79EFBC}") = "TwoSumTest", "TwoSumTest\TwoSumTest.csproj", "{F98A78B3-909E-4182-A68F-A101A9FF0F6C}"
EndProject
Global
	GlobalSection(SolutionConfigurationPlatforms) = preSolution
		Debug|Any CPU = Debug|Any CPU
		Release|Any CPU = Release|Any CPU
	EndGlobalSection
	GlobalSection(SolutionProperties) = preSolution
		HideSolutionNode = FALSE
	EndGlobalSection
	GlobalSection(ProjectConfigurationPlatforms) = postSolution
		{51B777E8-BF23-46C3-80F2-A56EA0051A39}.Debug|Any CPU.ActiveCfg = Debug|Any CPU
		{51B777E8-BF23-46C3-80F2-A56EA0051A39}.Debug|Any CPU.Build.0 = Debug|Any CPU
		{51B777E8-BF23-46C3-80F2-A56EA0051A39}.Release|Any CPU.ActiveCfg = Release|Any CPU
		{51B777E8-BF23-46C3-80F2-A56EA0051A39}.Release|Any CPU.Build.0 = Release|Any CPU
		{F98A78B3-909E-4182-A68F-A101A9FF0F6C}.Debug|Any CPU.ActiveCfg = Debug|Any CPU
		{F98A78B3-909E-4182-A68F-A101A9FF0F6C}.Debug|Any CPU.Build.0 = Debug|Any CPU
		{F98A78B3-909E-4182-A68F-A101A9FF0F6C}.Release|Any CPU.ActiveCfg = Release|Any CPU
		{F98A78B3-909E-4182-A68F-A101A9FF0F6C}.Release|Any CPU.Build.0 = Release|Any CPU
	EndGlobalSection
EndGlobal
