
Microsoft Visual Studio Solution File, Format Version 12.00
# Visual Studio Version 17
VisualStudioVersion = 17.0.31903.59
MinimumVisualStudioVersion = 10.0.40219.1
Project("{FAE04EC0-301F-11D3-BF4B-00C04F79EFBC}") = "RunningSum", "RunningSum\RunningSum.csproj", "{7638BC23-04B3-4F78-88F8-CFDA484F02A7}"
EndProject
Project("{FAE04EC0-301F-11D3-BF4B-00C04F79EFBC}") = "RunningSumTest", "RunningSumTest\RunningSumTest.csproj", "{6FF10CD8-F9A9-4AEE-865A-6CBB4F97F0A1}"
EndProject
Global
	GlobalSection(SolutionConfigurationPlatforms) = preSolution
		Debug|Any CPU = Debug|Any CPU
		Release|Any CPU = Release|Any CPU
	EndGlobalSection
	GlobalSection(SolutionProperties) = preSolution
		HideSolutionNode = FALSE
	EndGlobalSection
	GlobalSection(ProjectConfigurationPlatforms) = postSolution
		{7638BC23-04B3-4F78-88F8-CFDA484F02A7}.Debug|Any CPU.ActiveCfg = Debug|Any CPU
		{7638BC23-04B3-4F78-88F8-CFDA484F02A7}.Debug|Any CPU.Build.0 = Debug|Any CPU
		{7638BC23-04B3-4F78-88F8-CFDA484F02A7}.Release|Any CPU.ActiveCfg = Release|Any CPU
		{7638BC23-04B3-4F78-88F8-CFDA484F02A7}.Release|Any CPU.Build.0 = Release|Any CPU
		{6FF10CD8-F9A9-4AEE-865A-6CBB4F97F0A1}.Debug|Any CPU.ActiveCfg = Debug|Any CPU
		{6FF10CD8-F9A9-4AEE-865A-6CBB4F97F0A1}.Debug|Any CPU.Build.0 = Debug|Any CPU
		{6FF10CD8-F9A9-4AEE-865A-6CBB4F97F0A1}.Release|Any CPU.ActiveCfg = Release|Any CPU
		{6FF10CD8-F9A9-4AEE-865A-6CBB4F97F0A1}.Release|Any CPU.Build.0 = Release|Any CPU
	EndGlobalSection
EndGlobal
