
Microsoft Visual Studio Solution File, Format Version 12.00
# Visual Studio Version 17
VisualStudioVersion = 17.0.31903.59
MinimumVisualStudioVersion = 10.0.40219.1
Project("{FAE04EC0-301F-11D3-BF4B-00C04F79EFBC}") = "StringGreat", "StringGreat\StringGreat.csproj", "{10CDB159-658F-49FF-A568-FF2EAD031068}"
EndProject
Project("{FAE04EC0-301F-11D3-BF4B-00C04F79EFBC}") = "StringGreatTest", "StringGreatTest\StringGreatTest.csproj", "{2723708B-5205-4FAE-86D5-8C724337A391}"
EndProject
Global
	GlobalSection(SolutionConfigurationPlatforms) = preSolution
		Debug|Any CPU = Debug|Any CPU
		Release|Any CPU = Release|Any CPU
	EndGlobalSection
	GlobalSection(SolutionProperties) = preSolution
		HideSolutionNode = FALSE
	EndGlobalSection
	GlobalSection(ProjectConfigurationPlatforms) = postSolution
		{10CDB159-658F-49FF-A568-FF2EAD031068}.Debug|Any CPU.ActiveCfg = Debug|Any CPU
		{10CDB159-658F-49FF-A568-FF2EAD031068}.Debug|Any CPU.Build.0 = Debug|Any CPU
		{10CDB159-658F-49FF-A568-FF2EAD031068}.Release|Any CPU.ActiveCfg = Release|Any CPU
		{10CDB159-658F-49FF-A568-FF2EAD031068}.Release|Any CPU.Build.0 = Release|Any CPU
		{2723708B-5205-4FAE-86D5-8C724337A391}.Debug|Any CPU.ActiveCfg = Debug|Any CPU
		{2723708B-5205-4FAE-86D5-8C724337A391}.Debug|Any CPU.Build.0 = Debug|Any CPU
		{2723708B-5205-4FAE-86D5-8C724337A391}.Release|Any CPU.ActiveCfg = Release|Any CPU
		{2723708B-5205-4FAE-86D5-8C724337A391}.Release|Any CPU.Build.0 = Release|Any CPU
	EndGlobalSection
EndGlobal
